{
  "name": "hw-team-1",
  "version": "1.0.0",
  "lockfileVersion": 2,
  "requires": true,
  "packages": {
    "": {
      "name": "hw-team-1",
      "version": "1.0.0",
      "license": "ISC",
      "dependencies": {
        "bootstrap": "^5.2.0",
        "chart.js": "^3.9.0",
        "fullcalendar": "^5.11.2"
      }
    },
    "node_modules/@popperjs/core": {
      "version": "2.11.5",
      "resolved": "https://registry.npmjs.org/@popperjs/core/-/core-2.11.5.tgz",
      "integrity": "sha512-9X2obfABZuDVLCgPK9aX0a/x4jaOEweTTWE2+9sr0Qqqevj2Uv5XorvusThmc9XGYpS9yI+fhh8RTafBtGposw==",
      "peer": true,
      "funding": {
        "type": "opencollective",
        "url": "https://opencollective.com/popperjs"
      }
    },
    "node_modules/bootstrap": {
      "version": "5.2.0",
      "resolved": "https://registry.npmjs.org/bootstrap/-/bootstrap-5.2.0.tgz",
      "integrity": "sha512-qlnS9GL6YZE6Wnef46GxGv1UpGGzAwO0aPL1yOjzDIJpeApeMvqV24iL+pjr2kU4dduoBA9fINKWKgMToobx9A==",
      "funding": [
        {
          "type": "github",
          "url": "https://github.com/sponsors/twbs"
        },
        {
          "type": "opencollective",
          "url": "https://opencollective.com/bootstrap"
        }
      ],
      "peerDependencies": {
        "@popperjs/core": "^2.11.5"
      }
    },
    "node_modules/chart.js": {
      "version": "3.9.0",
      "resolved": "https://registry.npmjs.org/chart.js/-/chart.js-3.9.0.tgz",
      "integrity": "sha512-SHOC6eCTe3dXe6owLHnO56xTLBbVeMHskkAlgPPVkd6xa0mv3EPhH5azRLg1cucYFsp4UloH/4NjSG0oOIFJtw=="
    },
    "node_modules/fullcalendar": {
      "version": "5.11.2",
      "resolved": "https://registry.npmjs.org/fullcalendar/-/fullcalendar-5.11.2.tgz",
      "integrity": "sha512-gAJTY+4rnWZV2BVrul6Rvl52sidxOyAhN0P8Fp9iYP0mJhTC+2U0oOoN8VKEnyi88QVe0WkFVt6p/pd5XLqBPw=="
    }
  },
  "dependencies": {
    "@popperjs/core": {
      "version": "2.11.5",
      "resolved": "https://registry.npmjs.org/@popperjs/core/-/core-2.11.5.tgz",
      "integrity": "sha512-9X2obfABZuDVLCgPK9aX0a/x4jaOEweTTWE2+9sr0Qqqevj2Uv5XorvusThmc9XGYpS9yI+fhh8RTafBtGposw==",
      "peer": true
    },
    "bootstrap": {
      "version": "5.2.0",
      "resolved": "https://registry.npmjs.org/bootstrap/-/bootstrap-5.2.0.tgz",
      "integrity": "sha512-qlnS9GL6YZE6Wnef46GxGv1UpGGzAwO0aPL1yOjzDIJpeApeMvqV24iL+pjr2kU4dduoBA9fINKWKgMToobx9A==",
      "requires": {}
    },
    "chart.js": {
      "version": "3.9.0",
      "resolved": "https://registry.npmjs.org/chart.js/-/chart.js-3.9.0.tgz",
      "integrity": "sha512-SHOC6eCTe3dXe6owLHnO56xTLBbVeMHskkAlgPPVkd6xa0mv3EPhH5azRLg1cucYFsp4UloH/4NjSG0oOIFJtw=="
    },
    "fullcalendar": {
      "version": "5.11.2",
      "resolved": "https://registry.npmjs.org/fullcalendar/-/fullcalendar-5.11.2.tgz",
      "integrity": "sha512-gAJTY+4rnWZV2BVrul6Rvl52sidxOyAhN0P8Fp9iYP0mJhTC+2U0oOoN8VKEnyi88QVe0WkFVt6p/pd5XLqBPw=="
    }
  }
}
